
Microsoft Visual Studio Solution File, Format Version 12.00
# Visual Studio Version 17
VisualStudioVersion = 17.9.34723.18
MinimumVisualStudioVersion = 10.0.40219.1
Project("{FAE04EC0-301F-11D3-BF4B-00C04F79EFBC}") = "SistemaVentasMinimarket", "SistemaVentasMinimarket\SistemaVentasMinimarket.csproj", "{A8DBB654-C7A5-4672-8E97-99D5060FE126}"
EndProject
Project("{FAE04EC0-301F-11D3-BF4B-00C04F79EFBC}") = "CapaDatos", "CapaDatos\CapaDatos.csproj", "{FABDC81E-832E-47BC-A5F1-775E43530F95}"
EndProject
Project("{FAE04EC0-301F-11D3-BF4B-00C04F79EFBC}") = "CapaNegocio", "CapaNegocio\CapaNegocio.csproj", "{ADCFEDBF-9834-4512-9BA8-AE919B447C96}"
EndProject
Project("{FAE04EC0-301F-11D3-BF4B-00C04F79EFBC}") = "CapaEntidad", "CapaEntidad\CapaEntidad.csproj", "{26DF4EEE-AF02-4EC9-BE14-DBDB1B3BAC2B}"
EndProject
Global
	GlobalSection(SolutionConfigurationPlatforms) = preSolution
		Debug|Any CPU = Debug|Any CPU
		Release|Any CPU = Release|Any CPU
	EndGlobalSection
	GlobalSection(ProjectConfigurationPlatforms) = postSolution
		{A8DBB654-C7A5-4672-8E97-99D5060FE126}.Debug|Any CPU.ActiveCfg = Debug|Any CPU
		{A8DBB654-C7A5-4672-8E97-99D5060FE126}.Debug|Any CPU.Build.0 = Debug|Any CPU
		{A8DBB654-C7A5-4672-8E97-99D5060FE126}.Release|Any CPU.ActiveCfg = Release|Any CPU
		{A8DBB654-C7A5-4672-8E97-99D5060FE126}.Release|Any CPU.Build.0 = Release|Any CPU
		{FABDC81E-832E-47BC-A5F1-775E43530F95}.Debug|Any CPU.ActiveCfg = Debug|Any CPU
		{FABDC81E-832E-47BC-A5F1-775E43530F95}.Debug|Any CPU.Build.0 = Debug|Any CPU
		{FABDC81E-832E-47BC-A5F1-775E43530F95}.Release|Any CPU.ActiveCfg = Release|Any CPU
		{FABDC81E-832E-47BC-A5F1-775E43530F95}.Release|Any CPU.Build.0 = Release|Any CPU
		{ADCFEDBF-9834-4512-9BA8-AE919B447C96}.Debug|Any CPU.ActiveCfg = Debug|Any CPU
		{ADCFEDBF-9834-4512-9BA8-AE919B447C96}.Debug|Any CPU.Build.0 = Debug|Any CPU
		{ADCFEDBF-9834-4512-9BA8-AE919B447C96}.Release|Any CPU.ActiveCfg = Release|Any CPU
		{ADCFEDBF-9834-4512-9BA8-AE919B447C96}.Release|Any CPU.Build.0 = Release|Any CPU
		{26DF4EEE-AF02-4EC9-BE14-DBDB1B3BAC2B}.Debug|Any CPU.ActiveCfg = Debug|Any CPU
		{26DF4EEE-AF02-4EC9-BE14-DBDB1B3BAC2B}.Debug|Any CPU.Build.0 = Debug|Any CPU
		{26DF4EEE-AF02-4EC9-BE14-DBDB1B3BAC2B}.Release|Any CPU.ActiveCfg = Release|Any CPU
		{26DF4EEE-AF02-4EC9-BE14-DBDB1B3BAC2B}.Release|Any CPU.Build.0 = Release|Any CPU
	EndGlobalSection
	GlobalSection(SolutionProperties) = preSolution
		HideSolutionNode = FALSE
	EndGlobalSection
	GlobalSection(ExtensibilityGlobals) = postSolution
		SolutionGuid = {9041ED2C-2010-4235-B893-A96F303BD032}
	EndGlobalSection
EndGlobal
